
Microsoft Visual Studio Solution File, Format Version 12.00
# Visual Studio Version 17
VisualStudioVersion = 17.4.33110.190
MinimumVisualStudioVersion = 10.0.40219.1
Project("{FAE04EC0-301F-11D3-BF4B-00C04F79EFBC}") = "MySecondGitProject", "MySecondGitProject\MySecondGitProject.csproj", "{97EA685F-8450-4091-A90F-ED748E54C393}"
EndProject
Global
	GlobalSection(SolutionConfigurationPlatforms) = preSolution
		Debug|Any CPU = Debug|Any CPU
		Release|Any CPU = Release|Any CPU
	EndGlobalSection
	GlobalSection(ProjectConfigurationPlatforms) = postSolution
		{97EA685F-8450-4091-A90F-ED748E54C393}.Debug|Any CPU.ActiveCfg = Debug|Any CPU
		{97EA685F-8450-4091-A90F-ED748E54C393}.Debug|Any CPU.Build.0 = Debug|Any CPU
		{97EA685F-8450-4091-A90F-ED748E54C393}.Release|Any CPU.ActiveCfg = Release|Any CPU
		{97EA685F-8450-4091-A90F-ED748E54C393}.Release|Any CPU.Build.0 = Release|Any CPU
	EndGlobalSection
	GlobalSection(SolutionProperties) = preSolution
		HideSolutionNode = FALSE
	EndGlobalSection
	GlobalSection(ExtensibilityGlobals) = postSolution
		SolutionGuid = {83D26757-FD91-42C3-B5BF-6945B843E7DE}
	EndGlobalSection
EndGlobal
